
Microsoft Visual Studio Solution File, Format Version 12.00
# Visual Studio Version 17
VisualStudioVersion = 17.5.33502.453
MinimumVisualStudioVersion = 10.0.40219.1
Project("{FAE04EC0-301F-11D3-BF4B-00C04F79EFBC}") = "QLVT_DATHANG", "QLVT_DATHANG\QLVT_DATHANG.csproj", "{3D119A4D-1F2C-4F17-8543-798B3930A2DF}"
EndProject
Global
	GlobalSection(SolutionConfigurationPlatforms) = preSolution
		Debug|Any CPU = Debug|Any CPU
		Release|Any CPU = Release|Any CPU
	EndGlobalSection
	GlobalSection(ProjectConfigurationPlatforms) = postSolution
		{3D119A4D-1F2C-4F17-8543-798B3930A2DF}.Debug|Any CPU.ActiveCfg = Debug|Any CPU
		{3D119A4D-1F2C-4F17-8543-798B3930A2DF}.Debug|Any CPU.Build.0 = Debug|Any CPU
		{3D119A4D-1F2C-4F17-8543-798B3930A2DF}.Release|Any CPU.ActiveCfg = Release|Any CPU
		{3D119A4D-1F2C-4F17-8543-798B3930A2DF}.Release|Any CPU.Build.0 = Release|Any CPU
	EndGlobalSection
	GlobalSection(SolutionProperties) = preSolution
		HideSolutionNode = FALSE
	EndGlobalSection
	GlobalSection(ExtensibilityGlobals) = postSolution
		SolutionGuid = {CB052BCE-3FC9-449E-931C-166723453C6A}
	EndGlobalSection
EndGlobal
